
Microsoft Visual Studio Solution File, Format Version 12.00
# Visual Studio Version 17
VisualStudioVersion = 17.3.32922.545
MinimumVisualStudioVersion = 10.0.40219.1
Project("{8BC9CEB8-8B4A-11D0-8D11-00A0C91BC942}") = "demo", "demo\demo.vcxproj", "{BE1FCBD5-E5B3-4495-A6D4-0D3CC4605D9E}"
EndProject
Project("{8BC9CEB8-8B4A-11D0-8D11-00A0C91BC942}") = "reverseNumber", "reverseNumber\reverseNumber.vcxproj", "{4382F438-DF00-4833-876A-F4606996443B}"
EndProject
Project("{8BC9CEB8-8B4A-11D0-8D11-00A0C91BC942}") = "classWork-06-10", "classWork-06-10\classWork-06-10.vcxproj", "{F0DF267C-2202-4EE0-8F68-92853F84BF66}"
EndProject
Project("{8BC9CEB8-8B4A-11D0-8D11-00A0C91BC942}") = "EnglishVowel", "EnglishVowel\EnglishVowel.vcxproj", "{3B7BF73C-7DB4-40F0-87FA-B25C6596AAB0}"
EndProject
Project("{8BC9CEB8-8B4A-11D0-8D11-00A0C91BC942}") = "WeekDays", "WeekDays\WeekDays.vcxproj", "{88BE55E0-11F9-4946-AFB6-C7D69D71F157}"
EndProject
Project("{8BC9CEB8-8B4A-11D0-8D11-00A0C91BC942}") = "BetweenNumbers", "BetweenNumbers\BetweenNumbers.vcxproj", "{EA63EBBF-073F-4B2A-91B5-3ECF23C163A6}"
EndProject
Project("{8BC9CEB8-8B4A-11D0-8D11-00A0C91BC942}") = "SpeedTrap", "SpeedTrap\SpeedTrap.vcxproj", "{6AD1D90C-8F23-4B47-91EE-E9781AB4B65C}"
EndProject
Project("{8BC9CEB8-8B4A-11D0-8D11-00A0C91BC942}") = "AreaFigure", "AreaFigure\AreaFigure.vcxproj", "{0774E053-CAF6-4CED-B540-400DE03EAA5D}"
EndProject
Project("{8BC9CEB8-8B4A-11D0-8D11-00A0C91BC942}") = "TimeAfter15Minutes", "TimeAfter15Minutes\TimeAfter15Minutes.vcxproj", "{9E82189C-3561-47C1-AFA2-C8E5ECF3D126}"
EndProject
Global
	GlobalSection(SolutionConfigurationPlatforms) = preSolution
		Debug|x64 = Debug|x64
		Debug|x86 = Debug|x86
		Release|x64 = Release|x64
		Release|x86 = Release|x86
	EndGlobalSection
	GlobalSection(ProjectConfigurationPlatforms) = postSolution
		{BE1FCBD5-E5B3-4495-A6D4-0D3CC4605D9E}.Debug|x64.ActiveCfg = Debug|x64
		{BE1FCBD5-E5B3-4495-A6D4-0D3CC4605D9E}.Debug|x64.Build.0 = Debug|x64
		{BE1FCBD5-E5B3-4495-A6D4-0D3CC4605D9E}.Debug|x86.ActiveCfg = Debug|Win32
		{BE1FCBD5-E5B3-4495-A6D4-0D3CC4605D9E}.Debug|x86.Build.0 = Debug|Win32
		{BE1FCBD5-E5B3-4495-A6D4-0D3CC4605D9E}.Release|x64.ActiveCfg = Release|x64
		{BE1FCBD5-E5B3-4495-A6D4-0D3CC4605D9E}.Release|x64.Build.0 = Release|x64
		{BE1FCBD5-E5B3-4495-A6D4-0D3CC4605D9E}.Release|x86.ActiveCfg = Release|Win32
		{BE1FCBD5-E5B3-4495-A6D4-0D3CC4605D9E}.Release|x86.Build.0 = Release|Win32
		{4382F438-DF00-4833-876A-F4606996443B}.Debug|x64.ActiveCfg = Debug|x64
		{4382F438-DF00-4833-876A-F4606996443B}.Debug|x64.Build.0 = Debug|x64
		{4382F438-DF00-4833-876A-F4606996443B}.Debug|x86.ActiveCfg = Debug|Win32
		{4382F438-DF00-4833-876A-F4606996443B}.Debug|x86.Build.0 = Debug|Win32
		{4382F438-DF00-4833-876A-F4606996443B}.Release|x64.ActiveCfg = Release|x64
		{4382F438-DF00-4833-876A-F4606996443B}.Release|x64.Build.0 = Release|x64
		{4382F438-DF00-4833-876A-F4606996443B}.Release|x86.ActiveCfg = Release|Win32
		{4382F438-DF00-4833-876A-F4606996443B}.Release|x86.Build.0 = Release|Win32
		{F0DF267C-2202-4EE0-8F68-92853F84BF66}.Debug|x64.ActiveCfg = Debug|x64
		{F0DF267C-2202-4EE0-8F68-92853F84BF66}.Debug|x64.Build.0 = Debug|x64
		{F0DF267C-2202-4EE0-8F68-92853F84BF66}.Debug|x86.ActiveCfg = Debug|Win32
		{F0DF267C-2202-4EE0-8F68-92853F84BF66}.Debug|x86.Build.0 = Debug|Win32
		{F0DF267C-2202-4EE0-8F68-92853F84BF66}.Release|x64.ActiveCfg = Release|x64
		{F0DF267C-2202-4EE0-8F68-92853F84BF66}.Release|x64.Build.0 = Release|x64
		{F0DF267C-2202-4EE0-8F68-92853F84BF66}.Release|x86.ActiveCfg = Release|Win32
		{F0DF267C-2202-4EE0-8F68-92853F84BF66}.Release|x86.Build.0 = Release|Win32
		{3B7BF73C-7DB4-40F0-87FA-B25C6596AAB0}.Debug|x64.ActiveCfg = Debug|x64
		{3B7BF73C-7DB4-40F0-87FA-B25C6596AAB0}.Debug|x64.Build.0 = Debug|x64
		{3B7BF73C-7DB4-40F0-87FA-B25C6596AAB0}.Debug|x86.ActiveCfg = Debug|Win32
		{3B7BF73C-7DB4-40F0-87FA-B25C6596AAB0}.Debug|x86.Build.0 = Debug|Win32
		{3B7BF73C-7DB4-40F0-87FA-B25C6596AAB0}.Release|x64.ActiveCfg = Release|x64
		{3B7BF73C-7DB4-40F0-87FA-B25C6596AAB0}.Release|x64.Build.0 = Release|x64
		{3B7BF73C-7DB4-40F0-87FA-B25C6596AAB0}.Release|x86.ActiveCfg = Release|Win32
		{3B7BF73C-7DB4-40F0-87FA-B25C6596AAB0}.Release|x86.Build.0 = Release|Win32
		{88BE55E0-11F9-4946-AFB6-C7D69D71F157}.Debug|x64.ActiveCfg = Debug|x64
		{88BE55E0-11F9-4946-AFB6-C7D69D71F157}.Debug|x64.Build.0 = Debug|x64
		{88BE55E0-11F9-4946-AFB6-C7D69D71F157}.Debug|x86.ActiveCfg = Debug|Win32
		{88BE55E0-11F9-4946-AFB6-C7D69D71F157}.Debug|x86.Build.0 = Debug|Win32
		{88BE55E0-11F9-4946-AFB6-C7D69D71F157}.Release|x64.ActiveCfg = Release|x64
		{88BE55E0-11F9-4946-AFB6-C7D69D71F157}.Release|x64.Build.0 = Release|x64
		{88BE55E0-11F9-4946-AFB6-C7D69D71F157}.Release|x86.ActiveCfg = Release|Win32
		{88BE55E0-11F9-4946-AFB6-C7D69D71F157}.Release|x86.Build.0 = Release|Win32
		{EA63EBBF-073F-4B2A-91B5-3ECF23C163A6}.Debug|x64.ActiveCfg = Debug|x64
		{EA63EBBF-073F-4B2A-91B5-3ECF23C163A6}.Debug|x64.Build.0 = Debug|x64
		{EA63EBBF-073F-4B2A-91B5-3ECF23C163A6}.Debug|x86.ActiveCfg = Debug|Win32
		{EA63EBBF-073F-4B2A-91B5-3ECF23C163A6}.Debug|x86.Build.0 = Debug|Win32
		{EA63EBBF-073F-4B2A-91B5-3ECF23C163A6}.Release|x64.ActiveCfg = Release|x64
		{EA63EBBF-073F-4B2A-91B5-3ECF23C163A6}.Release|x64.Build.0 = Release|x64
		{EA63EBBF-073F-4B2A-91B5-3ECF23C163A6}.Release|x86.ActiveCfg = Release|Win32
		{EA63EBBF-073F-4B2A-91B5-3ECF23C163A6}.Release|x86.Build.0 = Release|Win32
		{6AD1D90C-8F23-4B47-91EE-E9781AB4B65C}.Debug|x64.ActiveCfg = Debug|x64
		{6AD1D90C-8F23-4B47-91EE-E9781AB4B65C}.Debug|x64.Build.0 = Debug|x64
		{6AD1D90C-8F23-4B47-91EE-E9781AB4B65C}.Debug|x86.ActiveCfg = Debug|Win32
		{6AD1D90C-8F23-4B47-91EE-E9781AB4B65C}.Debug|x86.Build.0 = Debug|Win32
		{6AD1D90C-8F23-4B47-91EE-E9781AB4B65C}.Release|x64.ActiveCfg = Release|x64
		{6AD1D90C-8F23-4B47-91EE-E9781AB4B65C}.Release|x64.Build.0 = Release|x64
		{6AD1D90C-8F23-4B47-91EE-E9781AB4B65C}.Release|x86.ActiveCfg = Release|Win32
		{6AD1D90C-8F23-4B47-91EE-E9781AB4B65C}.Release|x86.Build.0 = Release|Win32
		{0774E053-CAF6-4CED-B540-400DE03EAA5D}.Debug|x64.ActiveCfg = Debug|x64
		{0774E053-CAF6-4CED-B540-400DE03EAA5D}.Debug|x64.Build.0 = Debug|x64
		{0774E053-CAF6-4CED-B540-400DE03EAA5D}.Debug|x86.ActiveCfg = Debug|Win32
		{0774E053-CAF6-4CED-B540-400DE03EAA5D}.Debug|x86.Build.0 = Debug|Win32
		{0774E053-CAF6-4CED-B540-400DE03EAA5D}.Release|x64.ActiveCfg = Release|x64
		{0774E053-CAF6-4CED-B540-400DE03EAA5D}.Release|x64.Build.0 = Release|x64
		{0774E053-CAF6-4CED-B540-400DE03EAA5D}.Release|x86.ActiveCfg = Release|Win32
		{0774E053-CAF6-4CED-B540-400DE03EAA5D}.Release|x86.Build.0 = Release|Win32
		{9E82189C-3561-47C1-AFA2-C8E5ECF3D126}.Debug|x64.ActiveCfg = Debug|x64
		{9E82189C-3561-47C1-AFA2-C8E5ECF3D126}.Debug|x64.Build.0 = Debug|x64
		{9E82189C-3561-47C1-AFA2-C8E5ECF3D126}.Debug|x86.ActiveCfg = Debug|Win32
		{9E82189C-3561-47C1-AFA2-C8E5ECF3D126}.Debug|x86.Build.0 = Debug|Win32
		{9E82189C-3561-47C1-AFA2-C8E5ECF3D126}.Release|x64.ActiveCfg = Release|x64
		{9E82189C-3561-47C1-AFA2-C8E5ECF3D126}.Release|x64.Build.0 = Release|x64
		{9E82189C-3561-47C1-AFA2-C8E5ECF3D126}.Release|x86.ActiveCfg = Release|Win32
		{9E82189C-3561-47C1-AFA2-C8E5ECF3D126}.Release|x86.Build.0 = Release|Win32
	EndGlobalSection
	GlobalSection(SolutionProperties) = preSolution
		HideSolutionNode = FALSE
	EndGlobalSection
	GlobalSection(ExtensibilityGlobals) = postSolution
		SolutionGuid = {44EAF7C1-D2E5-4169-9A40-8075A6C13B7E}
	EndGlobalSection
EndGlobal
