
Microsoft Visual Studio Solution File, Format Version 12.00
# Visual Studio Version 17
VisualStudioVersion = 17.10.34928.147
MinimumVisualStudioVersion = 10.0.40219.1
Project("{9A19103F-16F7-4668-BE54-9A1E7A4F7556}") = "LabelsApp", "LabelsApp\LabelsApp.csproj", "{CC7410ED-CF5D-49DF-B7EE-096A4D381B59}"
EndProject
Project("{9A19103F-16F7-4668-BE54-9A1E7A4F7556}") = "LabelsApp.Tests", "LabelsApp.Tests\LabelsApp.Tests.csproj", "{2922E36A-EBE1-4BAE-86FF-525D0C8650F7}"
EndProject
Global
	GlobalSection(SolutionConfigurationPlatforms) = preSolution
		Debug|Any CPU = Debug|Any CPU
		Release|Any CPU = Release|Any CPU
	EndGlobalSection
	GlobalSection(ProjectConfigurationPlatforms) = postSolution
		{CC7410ED-CF5D-49DF-B7EE-096A4D381B59}.Debug|Any CPU.ActiveCfg = Debug|Any CPU
		{CC7410ED-CF5D-49DF-B7EE-096A4D381B59}.Debug|Any CPU.Build.0 = Debug|Any CPU
		{CC7410ED-CF5D-49DF-B7EE-096A4D381B59}.Release|Any CPU.ActiveCfg = Release|Any CPU
		{CC7410ED-CF5D-49DF-B7EE-096A4D381B59}.Release|Any CPU.Build.0 = Release|Any CPU
		{2922E36A-EBE1-4BAE-86FF-525D0C8650F7}.Debug|Any CPU.ActiveCfg = Debug|Any CPU
		{2922E36A-EBE1-4BAE-86FF-525D0C8650F7}.Debug|Any CPU.Build.0 = Debug|Any CPU
		{2922E36A-EBE1-4BAE-86FF-525D0C8650F7}.Release|Any CPU.ActiveCfg = Release|Any CPU
		{2922E36A-EBE1-4BAE-86FF-525D0C8650F7}.Release|Any CPU.Build.0 = Release|Any CPU
	EndGlobalSection
	GlobalSection(SolutionProperties) = preSolution
		HideSolutionNode = FALSE
	EndGlobalSection
	GlobalSection(ExtensibilityGlobals) = postSolution
		SolutionGuid = {C10E5956-5EBF-4052-8B07-63032CBC8E83}
	EndGlobalSection
EndGlobal
