
Microsoft Visual Studio Solution File, Format Version 12.00
# Visual Studio Version 17
VisualStudioVersion = 17.10.34928.147
MinimumVisualStudioVersion = 10.0.40219.1
Project("{9A19103F-16F7-4668-BE54-9A1E7A4F7556}") = "FiguresApp", "FiguresApp\FiguresApp.csproj", "{DAE1F724-34CF-459E-97A5-C5924A0F6A4C}"
EndProject
Project("{9A19103F-16F7-4668-BE54-9A1E7A4F7556}") = "FiguresApp.Tests", "FiguresApp.Test\FiguresApp.Tests.csproj", "{404AE715-DF3F-4861-B411-3E745B77DE1B}"
EndProject
Global
	GlobalSection(SolutionConfigurationPlatforms) = preSolution
		Debug|Any CPU = Debug|Any CPU
		Release|Any CPU = Release|Any CPU
	EndGlobalSection
	GlobalSection(ProjectConfigurationPlatforms) = postSolution
		{DAE1F724-34CF-459E-97A5-C5924A0F6A4C}.Debug|Any CPU.ActiveCfg = Debug|Any CPU
		{DAE1F724-34CF-459E-97A5-C5924A0F6A4C}.Debug|Any CPU.Build.0 = Debug|Any CPU
		{DAE1F724-34CF-459E-97A5-C5924A0F6A4C}.Release|Any CPU.ActiveCfg = Release|Any CPU
		{DAE1F724-34CF-459E-97A5-C5924A0F6A4C}.Release|Any CPU.Build.0 = Release|Any CPU
		{404AE715-DF3F-4861-B411-3E745B77DE1B}.Debug|Any CPU.ActiveCfg = Debug|Any CPU
		{404AE715-DF3F-4861-B411-3E745B77DE1B}.Debug|Any CPU.Build.0 = Debug|Any CPU
		{404AE715-DF3F-4861-B411-3E745B77DE1B}.Release|Any CPU.ActiveCfg = Release|Any CPU
		{404AE715-DF3F-4861-B411-3E745B77DE1B}.Release|Any CPU.Build.0 = Release|Any CPU
	EndGlobalSection
	GlobalSection(SolutionProperties) = preSolution
		HideSolutionNode = FALSE
	EndGlobalSection
	GlobalSection(ExtensibilityGlobals) = postSolution
		SolutionGuid = {948A1801-CF3C-4435-8F04-4E382D2FEC06}
	EndGlobalSection
EndGlobal
